
Microsoft Visual Studio Solution File, Format Version 12.00
# Visual Studio Version 17
VisualStudioVersion = 17.7.34003.232
MinimumVisualStudioVersion = 10.0.40219.1
Project("{FAE04EC0-301F-11D3-BF4B-00C04F79EFBC}") = "ProductReviewManagement", "ProductReviewManagement.csproj", "{D09FF754-E1CB-43E6-BDA7-9B9FD77D1400}"
EndProject
Global
	GlobalSection(SolutionConfigurationPlatforms) = preSolution
		Debug|Any CPU = Debug|Any CPU
		Release|Any CPU = Release|Any CPU
	EndGlobalSection
	GlobalSection(ProjectConfigurationPlatforms) = postSolution
		{D09FF754-E1CB-43E6-BDA7-9B9FD77D1400}.Debug|Any CPU.ActiveCfg = Debug|Any CPU
		{D09FF754-E1CB-43E6-BDA7-9B9FD77D1400}.Debug|Any CPU.Build.0 = Debug|Any CPU
		{D09FF754-E1CB-43E6-BDA7-9B9FD77D1400}.Release|Any CPU.ActiveCfg = Release|Any CPU
		{D09FF754-E1CB-43E6-BDA7-9B9FD77D1400}.Release|Any CPU.Build.0 = Release|Any CPU
	EndGlobalSection
	GlobalSection(SolutionProperties) = preSolution
		HideSolutionNode = FALSE
	EndGlobalSection
	GlobalSection(ExtensibilityGlobals) = postSolution
		SolutionGuid = {BF05E67C-662B-4D52-82FA-B5F133373340}
	EndGlobalSection
EndGlobal
